
Microsoft Visual Studio Solution File, Format Version 12.00
# Visual Studio Version 16
VisualStudioVersion = 16.0.31112.23
MinimumVisualStudioVersion = 10.0.40219.1
Project("{2150E333-8FDC-42A3-9474-1A3956D46DE8}") = "Chapter02", "Chapter02", "{2522032E-6B7B-491B-9B75-20D1311C851F}"
EndProject
Project("{FAE04EC0-301F-11D3-BF4B-00C04F79EFBC}") = "DistanceConverter", "DistanceConverter\DistanceConverter.csproj", "{41E0453E-2665-4CBB-A7F4-271C66CCCF0C}"
EndProject
Project("{FAE04EC0-301F-11D3-BF4B-00C04F79EFBC}") = "SalesCalculator", "SalesCalculator\SalesCalculator.csproj", "{D4034DB3-47A9-4E2F-8DFD-90A33A4EA1E8}"
EndProject
Project("{FAE04EC0-301F-11D3-BF4B-00C04F79EFBC}") = "Exercise1", "Exercise1\Exercise1.csproj", "{2C6AB75D-5DA8-45C5-B442-615DAF0AD722}"
EndProject
Project("{2150E333-8FDC-42A3-9474-1A3956D46DE8}") = "Exercise", "Exercise", "{7300208D-F195-4871-9C9B-A36F35B77A9C}"
EndProject
Project("{FAE04EC0-301F-11D3-BF4B-00C04F79EFBC}") = "Exercise2", "Exercise2\Exercise2.csproj", "{7FB8C0CB-7B4E-4B9C-9565-BB0531F53706}"
EndProject
Project("{FAE04EC0-301F-11D3-BF4B-00C04F79EFBC}") = "Exercise3", "Exercise3\Exercise3.csproj", "{3E0CDA20-A348-49A0-8821-0FEA7CACD371}"
EndProject
Project("{2150E333-8FDC-42A3-9474-1A3956D46DE8}") = "Chapter03", "Chapter03", "{330670A1-65EF-4C0B-A16A-683941472405}"
EndProject
Project("{FAE04EC0-301F-11D3-BF4B-00C04F79EFBC}") = "Section01", "Section01\Section01.csproj", "{9F1544F5-1BB7-4B4B-B56E-D0F58C4925E9}"
EndProject
Project("{2150E333-8FDC-42A3-9474-1A3956D46DE8}") = "Exercise", "Exercise", "{C34934EA-F8BF-46AD-9E21-188FE9E32DD7}"
EndProject
Project("{FAE04EC0-301F-11D3-BF4B-00C04F79EFBC}") = "Exercise3-1", "Exercise3-1\Exercise3-1.csproj", "{7597DAB8-448E-4A68-AA8C-7918788B2E6B}"
EndProject
Project("{FAE04EC0-301F-11D3-BF4B-00C04F79EFBC}") = "Exercise3-2", "Exercise3-2\Exercise3-2.csproj", "{A823A34D-DFFD-49AD-BEAE-6174EE461FDF}"
EndProject
Project("{FAE04EC0-301F-11D3-BF4B-00C04F79EFBC}") = "Section01", "Chapter04\Section01\Section01.csproj", "{2EA39ACE-3520-4700-851D-B4904F3CDC16}"
EndProject
Project("{2150E333-8FDC-42A3-9474-1A3956D46DE8}") = "Chapter04", "Chapter04", "{05E40DA6-31FB-4B0C-A7A5-18E8BC97301D}"
EndProject
Project("{FAE04EC0-301F-11D3-BF4B-00C04F79EFBC}") = "Exercise1", "Chapter04\Exercise\Exercise1\Exercise1.csproj", "{5C614567-E73D-4322-A6F3-843281E04635}"
EndProject
Project("{2150E333-8FDC-42A3-9474-1A3956D46DE8}") = "Exercise", "Exercise", "{712FEC54-EEFD-41CC-AF72-158CC2E2BA7F}"
EndProject
Project("{FAE04EC0-301F-11D3-BF4B-00C04F79EFBC}") = "Exercise2", "Chapter04\Exercise\Exercise2\Exercise2.csproj", "{22B1C3F6-172C-486C-9962-C9016AA64B8F}"
EndProject
Project("{FAE04EC0-301F-11D3-BF4B-00C04F79EFBC}") = "Exercise1", "Chapter05\Exercise1\Exercise1.csproj", "{69B1D79E-1DF5-4FAD-AF3E-C6D1D536A28F}"
EndProject
Project("{2150E333-8FDC-42A3-9474-1A3956D46DE8}") = "Chapter05", "Chapter05", "{BC030E07-23C3-40E8-8D4D-4CC691A2E9A5}"
EndProject
Project("{FAE04EC0-301F-11D3-BF4B-00C04F79EFBC}") = "Exercise2", "Chapter05\Exercise2\Exercise2.csproj", "{CB0147F1-32AE-4A93-AE3B-8DC425A9648E}"
EndProject
Project("{FAE04EC0-301F-11D3-BF4B-00C04F79EFBC}") = "Exercise3", "Chapter05\Exercise3\Exercise3.csproj", "{1FB654E7-D5D8-4657-B285-7C0911F78C71}"
EndProject
Project("{FAE04EC0-301F-11D3-BF4B-00C04F79EFBC}") = "Section01", "Chapter06\Section01\Section01.csproj", "{7ABAEF19-688C-4F2C-B85D-8C2F89D7EBF3}"
EndProject
Project("{2150E333-8FDC-42A3-9474-1A3956D46DE8}") = "Chapter06", "Chapter06", "{A364A61E-404A-4B98-BBF1-DA88235CE3EA}"
EndProject
Project("{FAE04EC0-301F-11D3-BF4B-00C04F79EFBC}") = "Exercise1", "Chapter06\Exercise\Exercise1\Exercise1.csproj", "{2727004F-FE08-46F2-87BD-5DA397FDDED5}"
EndProject
Project("{2150E333-8FDC-42A3-9474-1A3956D46DE8}") = "Exercise", "Exercise", "{23CC1A7C-7487-4C6B-AA8E-BF2D06CE59BE}"
EndProject
Project("{FAE04EC0-301F-11D3-BF4B-00C04F79EFBC}") = "Exercise1", "Chapter07\Exercise1\Exercise1.csproj", "{7685A2AD-E4D7-4363-A447-9060C6A42702}"
EndProject
Project("{2150E333-8FDC-42A3-9474-1A3956D46DE8}") = "Chapter07", "Chapter07", "{782E733D-65D3-4907-8779-A4B050621A65}"
EndProject
Project("{FAE04EC0-301F-11D3-BF4B-00C04F79EFBC}") = "Exercise2", "Chapter07\Exercise2\Exercise2.csproj", "{5DE94C8C-6A80-49EE-BD2C-251DB800F44C}"
EndProject
Project("{2150E333-8FDC-42A3-9474-1A3956D46DE8}") = "Chapter08", "Chapter08", "{19053CB5-9228-4F74-BD32-EE03CC0321F9}"
EndProject
Project("{FAE04EC0-301F-11D3-BF4B-00C04F79EFBC}") = "Exercise1", "Chapter08\Exercise1\Exercise1.csproj", "{DDD88E66-FE03-4F7A-A811-BBF04F3A4CF6}"
EndProject
Project("{2150E333-8FDC-42A3-9474-1A3956D46DE8}") = "Exercise", "Exercise", "{2F5E8ED3-56DC-4B80-A141-4A4C1F2B0E72}"
EndProject
Project("{FAE04EC0-301F-11D3-BF4B-00C04F79EFBC}") = "Exercise1", "Chapter08\Exercise\Exercise1\Exercise1.csproj", "{0779CF1A-A98E-40D7-A8C8-469C2D357E37}"
EndProject
Project("{FAE04EC0-301F-11D3-BF4B-00C04F79EFBC}") = "StopWatch", "Chapter08\Exercise\StopWatch\StopWatch.csproj", "{DCAD33E7-BA25-4A1B-BF65-122DEFD6EB3A}"
EndProject
Project("{FAE04EC0-301F-11D3-BF4B-00C04F79EFBC}") = "CarReportSystem", "CarReportSystem\CarReportSystem\CarReportSystem.csproj", "{C82266BE-6C97-4294-89E1-F1FD0B87B6E0}"
EndProject
Project("{2150E333-8FDC-42A3-9474-1A3956D46DE8}") = "CarReportSystem", "CarReportSystem", "{4799814A-9AC8-45E6-91B8-B41EBBCFE3E9}"
EndProject
Project("{FAE04EC0-301F-11D3-BF4B-00C04F79EFBC}") = "Exercise", "Chapter09\Exercise\Exercise.csproj", "{2CE1BAE7-8C84-4744-A815-F021F139BBEB}"
EndProject
Project("{2150E333-8FDC-42A3-9474-1A3956D46DE8}") = "Chapter09", "Chapter09", "{E2FA422F-6E78-4AC0-BE81-7BCBBEAD1AC6}"
EndProject
Project("{FAE04EC0-301F-11D3-BF4B-00C04F79EFBC}") = "Exercise2", "Chapter09\Exercise2\Exercise2.csproj", "{7868E489-0965-44D8-937F-5E1FE967643F}"
EndProject
Project("{FAE04EC0-301F-11D3-BF4B-00C04F79EFBC}") = "Sample0823", "Sample0823\Sample0823.csproj", "{F2DC32D3-4672-45A4-8DC8-3DBC2CEF0C33}"
EndProject
Project("{FAE04EC0-301F-11D3-BF4B-00C04F79EFBC}") = "Section01", "Chapter11\Section01\Section01.csproj", "{6F7BEC43-F311-429F-94D4-DE18FB8C052A}"
EndProject
Project("{2150E333-8FDC-42A3-9474-1A3956D46DE8}") = "Chapter11", "Chapter11", "{565B4359-B19A-475F-BDC6-FC7B0B0D617A}"
EndProject
Project("{FAE04EC0-301F-11D3-BF4B-00C04F79EFBC}") = "Exercise01", "Chapter11\Exercise01\Exercise01.csproj", "{716EE1E4-DAA7-4CA9-BA2C-45E7C4E3A64F}"
EndProject
Project("{FAE04EC0-301F-11D3-BF4B-00C04F79EFBC}") = "Section02", "Chapter11\Section02\Section02.csproj", "{26A56361-92C9-4474-B2F6-A46B0AD22C4E}"
EndProject
Project("{2150E333-8FDC-42A3-9474-1A3956D46DE8}") = "Chapter14", "Chapter14", "{576CC1E1-A431-44EB-B76C-7682D7EFE490}"
EndProject
Project("{FAE04EC0-301F-11D3-BF4B-00C04F79EFBC}") = "Section04", "Chapter14\ConsoleApp1\Section04.csproj", "{B50AFB80-5437-43FF-8A39-42213815AD19}"
EndProject
Project("{2150E333-8FDC-42A3-9474-1A3956D46DE8}") = "WeatherApp", "WeatherApp", "{C11282E6-1076-40B3-93A2-9BCB5B2AB7F8}"
EndProject
Project("{FAE04EC0-301F-11D3-BF4B-00C04F79EFBC}") = "WeatherApp", "WeatherApp\WeatherApp\WeatherApp.csproj", "{4F046504-45D9-4758-8FAF-B1C678E8230C}"
EndProject
Project("{2150E333-8FDC-42A3-9474-1A3956D46DE8}") = "RSSReader", "RSSReader", "{56D74736-0B1D-43B2-94F8-187B2598A595}"
EndProject
Project("{FAE04EC0-301F-11D3-BF4B-00C04F79EFBC}") = "RssReader", "RssReader\RssReader\RssReader.csproj", "{93674E64-7DE8-4138-9409-502C4579E481}"
EndProject
Global
	GlobalSection(SolutionConfigurationPlatforms) = preSolution
		Debug|Any CPU = Debug|Any CPU
		Release|Any CPU = Release|Any CPU
	EndGlobalSection
	GlobalSection(ProjectConfigurationPlatforms) = postSolution
		{41E0453E-2665-4CBB-A7F4-271C66CCCF0C}.Debug|Any CPU.ActiveCfg = Debug|Any CPU
		{41E0453E-2665-4CBB-A7F4-271C66CCCF0C}.Debug|Any CPU.Build.0 = Debug|Any CPU
		{41E0453E-2665-4CBB-A7F4-271C66CCCF0C}.Release|Any CPU.ActiveCfg = Release|Any CPU
		{41E0453E-2665-4CBB-A7F4-271C66CCCF0C}.Release|Any CPU.Build.0 = Release|Any CPU
		{D4034DB3-47A9-4E2F-8DFD-90A33A4EA1E8}.Debug|Any CPU.ActiveCfg = Debug|Any CPU
		{D4034DB3-47A9-4E2F-8DFD-90A33A4EA1E8}.Debug|Any CPU.Build.0 = Debug|Any CPU
		{D4034DB3-47A9-4E2F-8DFD-90A33A4EA1E8}.Release|Any CPU.ActiveCfg = Release|Any CPU
		{D4034DB3-47A9-4E2F-8DFD-90A33A4EA1E8}.Release|Any CPU.Build.0 = Release|Any CPU
		{2C6AB75D-5DA8-45C5-B442-615DAF0AD722}.Debug|Any CPU.ActiveCfg = Debug|Any CPU
		{2C6AB75D-5DA8-45C5-B442-615DAF0AD722}.Debug|Any CPU.Build.0 = Debug|Any CPU
		{2C6AB75D-5DA8-45C5-B442-615DAF0AD722}.Release|Any CPU.ActiveCfg = Release|Any CPU
		{2C6AB75D-5DA8-45C5-B442-615DAF0AD722}.Release|Any CPU.Build.0 = Release|Any CPU
		{7FB8C0CB-7B4E-4B9C-9565-BB0531F53706}.Debug|Any CPU.ActiveCfg = Debug|Any CPU
		{7FB8C0CB-7B4E-4B9C-9565-BB0531F53706}.Debug|Any CPU.Build.0 = Debug|Any CPU
		{7FB8C0CB-7B4E-4B9C-9565-BB0531F53706}.Release|Any CPU.ActiveCfg = Release|Any CPU
		{7FB8C0CB-7B4E-4B9C-9565-BB0531F53706}.Release|Any CPU.Build.0 = Release|Any CPU
		{3E0CDA20-A348-49A0-8821-0FEA7CACD371}.Debug|Any CPU.ActiveCfg = Debug|Any CPU
		{3E0CDA20-A348-49A0-8821-0FEA7CACD371}.Debug|Any CPU.Build.0 = Debug|Any CPU
		{3E0CDA20-A348-49A0-8821-0FEA7CACD371}.Release|Any CPU.ActiveCfg = Release|Any CPU
		{3E0CDA20-A348-49A0-8821-0FEA7CACD371}.Release|Any CPU.Build.0 = Release|Any CPU
		{9F1544F5-1BB7-4B4B-B56E-D0F58C4925E9}.Debug|Any CPU.ActiveCfg = Debug|Any CPU
		{9F1544F5-1BB7-4B4B-B56E-D0F58C4925E9}.Debug|Any CPU.Build.0 = Debug|Any CPU
		{9F1544F5-1BB7-4B4B-B56E-D0F58C4925E9}.Release|Any CPU.ActiveCfg = Release|Any CPU
		{9F1544F5-1BB7-4B4B-B56E-D0F58C4925E9}.Release|Any CPU.Build.0 = Release|Any CPU
		{7597DAB8-448E-4A68-AA8C-7918788B2E6B}.Debug|Any CPU.ActiveCfg = Debug|Any CPU
		{7597DAB8-448E-4A68-AA8C-7918788B2E6B}.Debug|Any CPU.Build.0 = Debug|Any CPU
		{7597DAB8-448E-4A68-AA8C-7918788B2E6B}.Release|Any CPU.ActiveCfg = Release|Any CPU
		{7597DAB8-448E-4A68-AA8C-7918788B2E6B}.Release|Any CPU.Build.0 = Release|Any CPU
		{A823A34D-DFFD-49AD-BEAE-6174EE461FDF}.Debug|Any CPU.ActiveCfg = Debug|Any CPU
		{A823A34D-DFFD-49AD-BEAE-6174EE461FDF}.Debug|Any CPU.Build.0 = Debug|Any CPU
		{A823A34D-DFFD-49AD-BEAE-6174EE461FDF}.Release|Any CPU.ActiveCfg = Release|Any CPU
		{A823A34D-DFFD-49AD-BEAE-6174EE461FDF}.Release|Any CPU.Build.0 = Release|Any CPU
		{2EA39ACE-3520-4700-851D-B4904F3CDC16}.Debug|Any CPU.ActiveCfg = Debug|Any CPU
		{2EA39ACE-3520-4700-851D-B4904F3CDC16}.Debug|Any CPU.Build.0 = Debug|Any CPU
		{2EA39ACE-3520-4700-851D-B4904F3CDC16}.Release|Any CPU.ActiveCfg = Release|Any CPU
		{2EA39ACE-3520-4700-851D-B4904F3CDC16}.Release|Any CPU.Build.0 = Release|Any CPU
		{5C614567-E73D-4322-A6F3-843281E04635}.Debug|Any CPU.ActiveCfg = Debug|Any CPU
		{5C614567-E73D-4322-A6F3-843281E04635}.Debug|Any CPU.Build.0 = Debug|Any CPU
		{5C614567-E73D-4322-A6F3-843281E04635}.Release|Any CPU.ActiveCfg = Release|Any CPU
		{5C614567-E73D-4322-A6F3-843281E04635}.Release|Any CPU.Build.0 = Release|Any CPU
		{22B1C3F6-172C-486C-9962-C9016AA64B8F}.Debug|Any CPU.ActiveCfg = Debug|Any CPU
		{22B1C3F6-172C-486C-9962-C9016AA64B8F}.Debug|Any CPU.Build.0 = Debug|Any CPU
		{22B1C3F6-172C-486C-9962-C9016AA64B8F}.Release|Any CPU.ActiveCfg = Release|Any CPU
		{22B1C3F6-172C-486C-9962-C9016AA64B8F}.Release|Any CPU.Build.0 = Release|Any CPU
		{69B1D79E-1DF5-4FAD-AF3E-C6D1D536A28F}.Debug|Any CPU.ActiveCfg = Debug|Any CPU
		{69B1D79E-1DF5-4FAD-AF3E-C6D1D536A28F}.Debug|Any CPU.Build.0 = Debug|Any CPU
		{69B1D79E-1DF5-4FAD-AF3E-C6D1D536A28F}.Release|Any CPU.ActiveCfg = Release|Any CPU
		{69B1D79E-1DF5-4FAD-AF3E-C6D1D536A28F}.Release|Any CPU.Build.0 = Release|Any CPU
		{CB0147F1-32AE-4A93-AE3B-8DC425A9648E}.Debug|Any CPU.ActiveCfg = Debug|Any CPU
		{CB0147F1-32AE-4A93-AE3B-8DC425A9648E}.Debug|Any CPU.Build.0 = Debug|Any CPU
		{CB0147F1-32AE-4A93-AE3B-8DC425A9648E}.Release|Any CPU.ActiveCfg = Release|Any CPU
		{CB0147F1-32AE-4A93-AE3B-8DC425A9648E}.Release|Any CPU.Build.0 = Release|Any CPU
		{1FB654E7-D5D8-4657-B285-7C0911F78C71}.Debug|Any CPU.ActiveCfg = Debug|Any CPU
		{1FB654E7-D5D8-4657-B285-7C0911F78C71}.Debug|Any CPU.Build.0 = Debug|Any CPU
		{1FB654E7-D5D8-4657-B285-7C0911F78C71}.Release|Any CPU.ActiveCfg = Release|Any CPU
		{1FB654E7-D5D8-4657-B285-7C0911F78C71}.Release|Any CPU.Build.0 = Release|Any CPU
		{7ABAEF19-688C-4F2C-B85D-8C2F89D7EBF3}.Debug|Any CPU.ActiveCfg = Debug|Any CPU
		{7ABAEF19-688C-4F2C-B85D-8C2F89D7EBF3}.Debug|Any CPU.Build.0 = Debug|Any CPU
		{7ABAEF19-688C-4F2C-B85D-8C2F89D7EBF3}.Release|Any CPU.ActiveCfg = Release|Any CPU
		{7ABAEF19-688C-4F2C-B85D-8C2F89D7EBF3}.Release|Any CPU.Build.0 = Release|Any CPU
		{2727004F-FE08-46F2-87BD-5DA397FDDED5}.Debug|Any CPU.ActiveCfg = Debug|Any CPU
		{2727004F-FE08-46F2-87BD-5DA397FDDED5}.Debug|Any CPU.Build.0 = Debug|Any CPU
		{2727004F-FE08-46F2-87BD-5DA397FDDED5}.Release|Any CPU.ActiveCfg = Release|Any CPU
		{2727004F-FE08-46F2-87BD-5DA397FDDED5}.Release|Any CPU.Build.0 = Release|Any CPU
		{7685A2AD-E4D7-4363-A447-9060C6A42702}.Debug|Any CPU.ActiveCfg = Debug|Any CPU
		{7685A2AD-E4D7-4363-A447-9060C6A42702}.Debug|Any CPU.Build.0 = Debug|Any CPU
		{7685A2AD-E4D7-4363-A447-9060C6A42702}.Release|Any CPU.ActiveCfg = Release|Any CPU
		{7685A2AD-E4D7-4363-A447-9060C6A42702}.Release|Any CPU.Build.0 = Release|Any CPU
		{5DE94C8C-6A80-49EE-BD2C-251DB800F44C}.Debug|Any CPU.ActiveCfg = Debug|Any CPU
		{5DE94C8C-6A80-49EE-BD2C-251DB800F44C}.Debug|Any CPU.Build.0 = Debug|Any CPU
		{5DE94C8C-6A80-49EE-BD2C-251DB800F44C}.Release|Any CPU.ActiveCfg = Release|Any CPU
		{5DE94C8C-6A80-49EE-BD2C-251DB800F44C}.Release|Any CPU.Build.0 = Release|Any CPU
		{DDD88E66-FE03-4F7A-A811-BBF04F3A4CF6}.Debug|Any CPU.ActiveCfg = Debug|Any CPU
		{DDD88E66-FE03-4F7A-A811-BBF04F3A4CF6}.Debug|Any CPU.Build.0 = Debug|Any CPU
		{DDD88E66-FE03-4F7A-A811-BBF04F3A4CF6}.Release|Any CPU.ActiveCfg = Release|Any CPU
		{DDD88E66-FE03-4F7A-A811-BBF04F3A4CF6}.Release|Any CPU.Build.0 = Release|Any CPU
		{0779CF1A-A98E-40D7-A8C8-469C2D357E37}.Debug|Any CPU.ActiveCfg = Debug|Any CPU
		{0779CF1A-A98E-40D7-A8C8-469C2D357E37}.Debug|Any CPU.Build.0 = Debug|Any CPU
		{0779CF1A-A98E-40D7-A8C8-469C2D357E37}.Release|Any CPU.ActiveCfg = Release|Any CPU
		{0779CF1A-A98E-40D7-A8C8-469C2D357E37}.Release|Any CPU.Build.0 = Release|Any CPU
		{DCAD33E7-BA25-4A1B-BF65-122DEFD6EB3A}.Debug|Any CPU.ActiveCfg = Debug|Any CPU
		{DCAD33E7-BA25-4A1B-BF65-122DEFD6EB3A}.Debug|Any CPU.Build.0 = Debug|Any CPU
		{DCAD33E7-BA25-4A1B-BF65-122DEFD6EB3A}.Release|Any CPU.ActiveCfg = Release|Any CPU
		{DCAD33E7-BA25-4A1B-BF65-122DEFD6EB3A}.Release|Any CPU.Build.0 = Release|Any CPU
		{C82266BE-6C97-4294-89E1-F1FD0B87B6E0}.Debug|Any CPU.ActiveCfg = Debug|Any CPU
		{C82266BE-6C97-4294-89E1-F1FD0B87B6E0}.Debug|Any CPU.Build.0 = Debug|Any CPU
		{C82266BE-6C97-4294-89E1-F1FD0B87B6E0}.Release|Any CPU.ActiveCfg = Release|Any CPU
		{C82266BE-6C97-4294-89E1-F1FD0B87B6E0}.Release|Any CPU.Build.0 = Release|Any CPU
		{2CE1BAE7-8C84-4744-A815-F021F139BBEB}.Debug|Any CPU.ActiveCfg = Debug|Any CPU
		{2CE1BAE7-8C84-4744-A815-F021F139BBEB}.Debug|Any CPU.Build.0 = Debug|Any CPU
		{2CE1BAE7-8C84-4744-A815-F021F139BBEB}.Release|Any CPU.ActiveCfg = Release|Any CPU
		{2CE1BAE7-8C84-4744-A815-F021F139BBEB}.Release|Any CPU.Build.0 = Release|Any CPU
		{7868E489-0965-44D8-937F-5E1FE967643F}.Debug|Any CPU.ActiveCfg = Debug|Any CPU
		{7868E489-0965-44D8-937F-5E1FE967643F}.Debug|Any CPU.Build.0 = Debug|Any CPU
		{7868E489-0965-44D8-937F-5E1FE967643F}.Release|Any CPU.ActiveCfg = Release|Any CPU
		{7868E489-0965-44D8-937F-5E1FE967643F}.Release|Any CPU.Build.0 = Release|Any CPU
		{F2DC32D3-4672-45A4-8DC8-3DBC2CEF0C33}.Debug|Any CPU.ActiveCfg = Debug|Any CPU
		{F2DC32D3-4672-45A4-8DC8-3DBC2CEF0C33}.Debug|Any CPU.Build.0 = Debug|Any CPU
		{F2DC32D3-4672-45A4-8DC8-3DBC2CEF0C33}.Release|Any CPU.ActiveCfg = Release|Any CPU
		{F2DC32D3-4672-45A4-8DC8-3DBC2CEF0C33}.Release|Any CPU.Build.0 = Release|Any CPU
		{6F7BEC43-F311-429F-94D4-DE18FB8C052A}.Debug|Any CPU.ActiveCfg = Debug|Any CPU
		{6F7BEC43-F311-429F-94D4-DE18FB8C052A}.Debug|Any CPU.Build.0 = Debug|Any CPU
		{6F7BEC43-F311-429F-94D4-DE18FB8C052A}.Release|Any CPU.ActiveCfg = Release|Any CPU
		{6F7BEC43-F311-429F-94D4-DE18FB8C052A}.Release|Any CPU.Build.0 = Release|Any CPU
		{716EE1E4-DAA7-4CA9-BA2C-45E7C4E3A64F}.Debug|Any CPU.ActiveCfg = Debug|Any CPU
		{716EE1E4-DAA7-4CA9-BA2C-45E7C4E3A64F}.Debug|Any CPU.Build.0 = Debug|Any CPU
		{716EE1E4-DAA7-4CA9-BA2C-45E7C4E3A64F}.Release|Any CPU.ActiveCfg = Release|Any CPU
		{716EE1E4-DAA7-4CA9-BA2C-45E7C4E3A64F}.Release|Any CPU.Build.0 = Release|Any CPU
		{26A56361-92C9-4474-B2F6-A46B0AD22C4E}.Debug|Any CPU.ActiveCfg = Debug|Any CPU
		{26A56361-92C9-4474-B2F6-A46B0AD22C4E}.Debug|Any CPU.Build.0 = Debug|Any CPU
		{26A56361-92C9-4474-B2F6-A46B0AD22C4E}.Release|Any CPU.ActiveCfg = Release|Any CPU
		{26A56361-92C9-4474-B2F6-A46B0AD22C4E}.Release|Any CPU.Build.0 = Release|Any CPU
		{B50AFB80-5437-43FF-8A39-42213815AD19}.Debug|Any CPU.ActiveCfg = Debug|Any CPU
		{B50AFB80-5437-43FF-8A39-42213815AD19}.Debug|Any CPU.Build.0 = Debug|Any CPU
		{B50AFB80-5437-43FF-8A39-42213815AD19}.Release|Any CPU.ActiveCfg = Release|Any CPU
		{B50AFB80-5437-43FF-8A39-42213815AD19}.Release|Any CPU.Build.0 = Release|Any CPU
		{4F046504-45D9-4758-8FAF-B1C678E8230C}.Debug|Any CPU.ActiveCfg = Debug|Any CPU
		{4F046504-45D9-4758-8FAF-B1C678E8230C}.Debug|Any CPU.Build.0 = Debug|Any CPU
		{4F046504-45D9-4758-8FAF-B1C678E8230C}.Release|Any CPU.ActiveCfg = Release|Any CPU
		{4F046504-45D9-4758-8FAF-B1C678E8230C}.Release|Any CPU.Build.0 = Release|Any CPU
		{93674E64-7DE8-4138-9409-502C4579E481}.Debug|Any CPU.ActiveCfg = Debug|Any CPU
		{93674E64-7DE8-4138-9409-502C4579E481}.Debug|Any CPU.Build.0 = Debug|Any CPU
		{93674E64-7DE8-4138-9409-502C4579E481}.Release|Any CPU.ActiveCfg = Release|Any CPU
		{93674E64-7DE8-4138-9409-502C4579E481}.Release|Any CPU.Build.0 = Release|Any CPU
	EndGlobalSection
	GlobalSection(SolutionProperties) = preSolution
		HideSolutionNode = FALSE
	EndGlobalSection
	GlobalSection(NestedProjects) = preSolution
		{41E0453E-2665-4CBB-A7F4-271C66CCCF0C} = {2522032E-6B7B-491B-9B75-20D1311C851F}
		{D4034DB3-47A9-4E2F-8DFD-90A33A4EA1E8} = {2522032E-6B7B-491B-9B75-20D1311C851F}
		{2C6AB75D-5DA8-45C5-B442-615DAF0AD722} = {7300208D-F195-4871-9C9B-A36F35B77A9C}
		{7300208D-F195-4871-9C9B-A36F35B77A9C} = {2522032E-6B7B-491B-9B75-20D1311C851F}
		{7FB8C0CB-7B4E-4B9C-9565-BB0531F53706} = {7300208D-F195-4871-9C9B-A36F35B77A9C}
		{3E0CDA20-A348-49A0-8821-0FEA7CACD371} = {7300208D-F195-4871-9C9B-A36F35B77A9C}
		{9F1544F5-1BB7-4B4B-B56E-D0F58C4925E9} = {330670A1-65EF-4C0B-A16A-683941472405}
		{C34934EA-F8BF-46AD-9E21-188FE9E32DD7} = {330670A1-65EF-4C0B-A16A-683941472405}
		{7597DAB8-448E-4A68-AA8C-7918788B2E6B} = {C34934EA-F8BF-46AD-9E21-188FE9E32DD7}
		{A823A34D-DFFD-49AD-BEAE-6174EE461FDF} = {C34934EA-F8BF-46AD-9E21-188FE9E32DD7}
		{2EA39ACE-3520-4700-851D-B4904F3CDC16} = {05E40DA6-31FB-4B0C-A7A5-18E8BC97301D}
		{5C614567-E73D-4322-A6F3-843281E04635} = {712FEC54-EEFD-41CC-AF72-158CC2E2BA7F}
		{712FEC54-EEFD-41CC-AF72-158CC2E2BA7F} = {05E40DA6-31FB-4B0C-A7A5-18E8BC97301D}
		{22B1C3F6-172C-486C-9962-C9016AA64B8F} = {712FEC54-EEFD-41CC-AF72-158CC2E2BA7F}
		{69B1D79E-1DF5-4FAD-AF3E-C6D1D536A28F} = {BC030E07-23C3-40E8-8D4D-4CC691A2E9A5}
		{CB0147F1-32AE-4A93-AE3B-8DC425A9648E} = {BC030E07-23C3-40E8-8D4D-4CC691A2E9A5}
		{1FB654E7-D5D8-4657-B285-7C0911F78C71} = {BC030E07-23C3-40E8-8D4D-4CC691A2E9A5}
		{7ABAEF19-688C-4F2C-B85D-8C2F89D7EBF3} = {A364A61E-404A-4B98-BBF1-DA88235CE3EA}
		{2727004F-FE08-46F2-87BD-5DA397FDDED5} = {23CC1A7C-7487-4C6B-AA8E-BF2D06CE59BE}
		{23CC1A7C-7487-4C6B-AA8E-BF2D06CE59BE} = {A364A61E-404A-4B98-BBF1-DA88235CE3EA}
		{7685A2AD-E4D7-4363-A447-9060C6A42702} = {782E733D-65D3-4907-8779-A4B050621A65}
		{5DE94C8C-6A80-49EE-BD2C-251DB800F44C} = {782E733D-65D3-4907-8779-A4B050621A65}
		{2F5E8ED3-56DC-4B80-A141-4A4C1F2B0E72} = {19053CB5-9228-4F74-BD32-EE03CC0321F9}
		{0779CF1A-A98E-40D7-A8C8-469C2D357E37} = {2F5E8ED3-56DC-4B80-A141-4A4C1F2B0E72}
		{DCAD33E7-BA25-4A1B-BF65-122DEFD6EB3A} = {2F5E8ED3-56DC-4B80-A141-4A4C1F2B0E72}
		{C82266BE-6C97-4294-89E1-F1FD0B87B6E0} = {4799814A-9AC8-45E6-91B8-B41EBBCFE3E9}
		{2CE1BAE7-8C84-4744-A815-F021F139BBEB} = {E2FA422F-6E78-4AC0-BE81-7BCBBEAD1AC6}
		{7868E489-0965-44D8-937F-5E1FE967643F} = {E2FA422F-6E78-4AC0-BE81-7BCBBEAD1AC6}
		{6F7BEC43-F311-429F-94D4-DE18FB8C052A} = {565B4359-B19A-475F-BDC6-FC7B0B0D617A}
		{26A56361-92C9-4474-B2F6-A46B0AD22C4E} = {565B4359-B19A-475F-BDC6-FC7B0B0D617A}
		{B50AFB80-5437-43FF-8A39-42213815AD19} = {576CC1E1-A431-44EB-B76C-7682D7EFE490}
		{4F046504-45D9-4758-8FAF-B1C678E8230C} = {C11282E6-1076-40B3-93A2-9BCB5B2AB7F8}
		{93674E64-7DE8-4138-9409-502C4579E481} = {56D74736-0B1D-43B2-94F8-187B2598A595}
	EndGlobalSection
	GlobalSection(ExtensibilityGlobals) = postSolution
		SolutionGuid = {ADDF54F7-58B4-46A9-83DB-7EABF8BCD10D}
	EndGlobalSection
EndGlobal
